
Microsoft Visual Studio Solution File, Format Version 12.00
# Visual Studio 15
VisualStudioVersion = 15.0.28307.489
MinimumVisualStudioVersion = 10.0.40219.1
Project("{FAE04EC0-301F-11D3-BF4B-00C04F79EFBC}") = "LegendsOfCodeAndMagic", "LegendsOfCodeAndMagic\LegendsOfCodeAndMagic.csproj", "{4142A4EF-C6BD-44EF-AAA8-F1BB835A5475}"
EndProject
Project("{FAE04EC0-301F-11D3-BF4B-00C04F79EFBC}") = "Core", "Core\Core.csproj", "{F011C91D-A03A-4C9B-A560-EB77FD1E73DD}"
EndProject
Global
	GlobalSection(SolutionConfigurationPlatforms) = preSolution
		Debug|Any CPU = Debug|Any CPU
		Release|Any CPU = Release|Any CPU
	EndGlobalSection
	GlobalSection(ProjectConfigurationPlatforms) = postSolution
		{4142A4EF-C6BD-44EF-AAA8-F1BB835A5475}.Debug|Any CPU.ActiveCfg = Debug|Any CPU
		{4142A4EF-C6BD-44EF-AAA8-F1BB835A5475}.Debug|Any CPU.Build.0 = Debug|Any CPU
		{4142A4EF-C6BD-44EF-AAA8-F1BB835A5475}.Release|Any CPU.ActiveCfg = Release|Any CPU
		{4142A4EF-C6BD-44EF-AAA8-F1BB835A5475}.Release|Any CPU.Build.0 = Release|Any CPU
		{F011C91D-A03A-4C9B-A560-EB77FD1E73DD}.Debug|Any CPU.ActiveCfg = Debug|Any CPU
		{F011C91D-A03A-4C9B-A560-EB77FD1E73DD}.Debug|Any CPU.Build.0 = Debug|Any CPU
		{F011C91D-A03A-4C9B-A560-EB77FD1E73DD}.Release|Any CPU.ActiveCfg = Release|Any CPU
		{F011C91D-A03A-4C9B-A560-EB77FD1E73DD}.Release|Any CPU.Build.0 = Release|Any CPU
	EndGlobalSection
	GlobalSection(SolutionProperties) = preSolution
		HideSolutionNode = FALSE
	EndGlobalSection
	GlobalSection(ExtensibilityGlobals) = postSolution
		SolutionGuid = {82FD6372-C698-4A95-B0C9-4D5384B0FC9B}
	EndGlobalSection
EndGlobal
